
Microsoft Visual Studio Solution File, Format Version 12.00
# Visual Studio Version 17
VisualStudioVersion = 17.14.36603.0 d17.14
MinimumVisualStudioVersion = 10.0.40219.1
Project("{FAE04EC0-301F-11D3-BF4B-00C04F79EFBC}") = "Simulator_I.AI", "Simulator_I.AI\Simulator_I.AI.csproj", "{7E6763E5-3850-44BC-A89C-63C125AFB200}"
EndProject
Global
	GlobalSection(SolutionConfigurationPlatforms) = preSolution
		Debug|Any CPU = Debug|Any CPU
		Release|Any CPU = Release|Any CPU
	EndGlobalSection
	GlobalSection(ProjectConfigurationPlatforms) = postSolution
		{7E6763E5-3850-44BC-A89C-63C125AFB200}.Debug|Any CPU.ActiveCfg = Debug|Any CPU
		{7E6763E5-3850-44BC-A89C-63C125AFB200}.Debug|Any CPU.Build.0 = Debug|Any CPU
		{7E6763E5-3850-44BC-A89C-63C125AFB200}.Release|Any CPU.ActiveCfg = Release|Any CPU
		{7E6763E5-3850-44BC-A89C-63C125AFB200}.Release|Any CPU.Build.0 = Release|Any CPU
	EndGlobalSection
	GlobalSection(SolutionProperties) = preSolution
		HideSolutionNode = FALSE
	EndGlobalSection
	GlobalSection(ExtensibilityGlobals) = postSolution
		SolutionGuid = {E26567CB-0FB4-4864-82D5-DBF607FB6054}
	EndGlobalSection
EndGlobal
